// !$*UTF8*$!
{
	archiveVersion = 1;
	classes = {
	};
	objectVersion = 51;
	objects = {

/* Begin PBXBuildFile section */
		2842A59BC9FB564C3D1BF24B /* Pods_DeepSleep.framework in Frameworks */ = {isa = PBXBuildFile; fileRef = 844799563E21BBE8A51C5BBC /* Pods_DeepSleep.framework */; };
		961C2BD22452F2F20086C0E3 /* UserNotifications.framework in Frameworks */ = {isa = PBXBuildFile; fileRef = 961C2BD12452F2F20086C0E3 /* UserNotifications.framework */; };
		961C2BD42452F2FC0086C0E3 /* Security.framework in Frameworks */ = {isa = PBXBuildFile; fileRef = 961C2BD32452F2FC0086C0E3 /* Security.framework */; };
		961C2BD62452F3040086C0E3 /* SystemConfiguration.framework in Frameworks */ = {isa = PBXBuildFile; fileRef = 961C2BD52452F3040086C0E3 /* SystemConfiguration.framework */; };
		961C2BD82452F30E0086C0E3 /* CoreGraphics.framework in Frameworks */ = {isa = PBXBuildFile; fileRef = 961C2BD72452F30E0086C0E3 /* CoreGraphics.framework */; };
		961C2BDA2452F31A0086C0E3 /* CoreTelephony.framework in Frameworks */ = {isa = PBXBuildFile; fileRef = 961C2BD92452F31A0086C0E3 /* CoreTelephony.framework */; };
		961C2BDC2452F3250086C0E3 /* libresolv.9.tbd in Frameworks */ = {isa = PBXBuildFile; fileRef = 961C2BDB2452F3250086C0E3 /* libresolv.9.tbd */; };
		961C2BDE2452F32E0086C0E3 /* MessageUI.framework in Frameworks */ = {isa = PBXBuildFile; fileRef = 961C2BDD2452F32E0086C0E3 /* MessageUI.framework */; };
		965F30EC243DA6C600D65B5F /* AudioCategory.swift in Sources */ = {isa = PBXBuildFile; fileRef = 965F30EB243DA6C600D65B5F /* AudioCategory.swift */; };
		965F30EE243DA89E00D65B5F /* category.json in Resources */ = {isa = PBXBuildFile; fileRef = 965F30ED243DA89E00D65B5F /* category.json */; };
		96643080243EBE7400D1F0F0 /* AboutUsVC.swift in Sources */ = {isa = PBXBuildFile; fileRef = 9664307F243EBE7400D1F0F0 /* AboutUsVC.swift */; };
		9665B6F224284F5F00297C60 /* AppDelegate.swift in Sources */ = {isa = PBXBuildFile; fileRef = 9665B6F124284F5F00297C60 /* AppDelegate.swift */; };
		9665B6F924284F5F00297C60 /* Main.storyboard in Resources */ = {isa = PBXBuildFile; fileRef = 9665B6F724284F5F00297C60 /* Main.storyboard */; };
		9665B6FE24284F6200297C60 /* Assets.xcassets in Resources */ = {isa = PBXBuildFile; fileRef = 9665B6FD24284F6200297C60 /* Assets.xcassets */; };
		9665B70124284F6200297C60 /* LaunchScreen.storyboard in Resources */ = {isa = PBXBuildFile; fileRef = 9665B6FF24284F6200297C60 /* LaunchScreen.storyboard */; };
		9665B70D242881AD00297C60 /* MainNavigationController.swift in Sources */ = {isa = PBXBuildFile; fileRef = 9665B70C242881AD00297C60 /* MainNavigationController.swift */; };
		9665B70F2428936C00297C60 /* MainVC.swift in Sources */ = {isa = PBXBuildFile; fileRef = 9665B70E2428936C00297C60 /* MainVC.swift */; };
		9665B7112428955E00297C60 /* BaseVC.swift in Sources */ = {isa = PBXBuildFile; fileRef = 9665B7102428955E00297C60 /* BaseVC.swift */; };
		9665B7132429A03B00297C60 /* MusicListVC.swift in Sources */ = {isa = PBXBuildFile; fileRef = 9665B7122429A03B00297C60 /* MusicListVC.swift */; };
		9665B7152429A12300297C60 /* CustomPresentationController.swift in Sources */ = {isa = PBXBuildFile; fileRef = 9665B7142429A12300297C60 /* CustomPresentationController.swift */; };
		9665B71D2429D65100297C60 /* UIView.swift in Sources */ = {isa = PBXBuildFile; fileRef = 9665B71C2429D65100297C60 /* UIView.swift */; };
		9665B71F2429E71800297C60 /* MusicCell.swift in Sources */ = {isa = PBXBuildFile; fileRef = 9665B71E2429E71800297C60 /* MusicCell.swift */; };
		9665B723242B04C400297C60 /* SettingVC.swift in Sources */ = {isa = PBXBuildFile; fileRef = 9665B722242B04C400297C60 /* SettingVC.swift */; };
		9665B725242B0A0E00297C60 /* SettingContainerCell.swift in Sources */ = {isa = PBXBuildFile; fileRef = 9665B724242B0A0E00297C60 /* SettingContainerCell.swift */; };
		9665B727242B197400297C60 /* SettingCell.swift in Sources */ = {isa = PBXBuildFile; fileRef = 9665B726242B197400297C60 /* SettingCell.swift */; };
		9665B729242B2A6700297C60 /* FeedbackVC.swift in Sources */ = {isa = PBXBuildFile; fileRef = 9665B728242B2A6700297C60 /* FeedbackVC.swift */; };
		969BA10F242C93CA00710F83 /* TestObject.swift in Sources */ = {isa = PBXBuildFile; fileRef = 969BA10E242C93CA00710F83 /* TestObject.swift */; };
		969BA111242D9C2000710F83 /* MusicTypeListVC.swift in Sources */ = {isa = PBXBuildFile; fileRef = 969BA110242D9C2000710F83 /* MusicTypeListVC.swift */; };
		969BA113242DA03F00710F83 /* TestObjectTwo.swift in Sources */ = {isa = PBXBuildFile; fileRef = 969BA112242DA03F00710F83 /* TestObjectTwo.swift */; };
		969BA115242DA07900710F83 /* AnimatorObjectTwo.swift in Sources */ = {isa = PBXBuildFile; fileRef = 969BA114242DA07900710F83 /* AnimatorObjectTwo.swift */; };
		969BA117242DC22800710F83 /* MusicTypeCell.swift in Sources */ = {isa = PBXBuildFile; fileRef = 969BA116242DC22800710F83 /* MusicTypeCell.swift */; };
		969BA119242DC2C600710F83 /* MusicTypeLayout.swift in Sources */ = {isa = PBXBuildFile; fileRef = 969BA118242DC2C600710F83 /* MusicTypeLayout.swift */; };
		969BA11B242DE08800710F83 /* UIDevice.swift in Sources */ = {isa = PBXBuildFile; fileRef = 969BA11A242DE08800710F83 /* UIDevice.swift */; };
		969BA11D242DED8B00710F83 /* Styles.swift in Sources */ = {isa = PBXBuildFile; fileRef = 969BA11C242DED8B00710F83 /* Styles.swift */; };
		969BA11F243189A400710F83 /* Notification.swift in Sources */ = {isa = PBXBuildFile; fileRef = 969BA11E243189A400710F83 /* Notification.swift */; };
		969BA1232431CD3700710F83 /* AudioItem.swift in Sources */ = {isa = PBXBuildFile; fileRef = 969BA1222431CD3700710F83 /* AudioItem.swift */; };
		969BA1252432D77A00710F83 /* UIButton.swift in Sources */ = {isa = PBXBuildFile; fileRef = 969BA1242432D77A00710F83 /* UIButton.swift */; };
		969BA1292433082E00710F83 /* AVPlayerManager.swift in Sources */ = {isa = PBXBuildFile; fileRef = 969BA1282433082E00710F83 /* AVPlayerManager.swift */; };
		969BA12B24333F5800710F83 /* ThinTrackSlider.swift in Sources */ = {isa = PBXBuildFile; fileRef = 969BA12A24333F5700710F83 /* ThinTrackSlider.swift */; };
		969BA12D2434321C00710F83 /* Constant.swift in Sources */ = {isa = PBXBuildFile; fileRef = 969BA12C2434321B00710F83 /* Constant.swift */; };
		96C9B3DD242C47F10021781B /* MusicTypeVC.swift in Sources */ = {isa = PBXBuildFile; fileRef = 96C9B3DC242C47F10021781B /* MusicTypeVC.swift */; };
		96C9B3DF242C58490021781B /* AnimatorObject.swift in Sources */ = {isa = PBXBuildFile; fileRef = 96C9B3DE242C58490021781B /* AnimatorObject.swift */; };
		96C9B3E1242C71B60021781B /* PresentationDelegateObject.swift in Sources */ = {isa = PBXBuildFile; fileRef = 96C9B3E0242C71B60021781B /* PresentationDelegateObject.swift */; };
		96C9B3E3242C7E2F0021781B /* UIViewController.swift in Sources */ = {isa = PBXBuildFile; fileRef = 96C9B3E2242C7E2F0021781B /* UIViewController.swift */; };
/* End PBXBuildFile section */

/* Begin PBXFileReference section */
		844799563E21BBE8A51C5BBC /* Pods_DeepSleep.framework */ = {isa = PBXFileReference; explicitFileType = wrapper.framework; includeInIndex = 0; path = Pods_DeepSleep.framework; sourceTree = BUILT_PRODUCTS_DIR; };
		961C2BD12452F2F20086C0E3 /* UserNotifications.framework */ = {isa = PBXFileReference; lastKnownFileType = wrapper.framework; name = UserNotifications.framework; path = System/Library/Frameworks/UserNotifications.framework; sourceTree = SDKROOT; };
		961C2BD32452F2FC0086C0E3 /* Security.framework */ = {isa = PBXFileReference; lastKnownFileType = wrapper.framework; name = Security.framework; path = System/Library/Frameworks/Security.framework; sourceTree = SDKROOT; };
		961C2BD52452F3040086C0E3 /* SystemConfiguration.framework */ = {isa = PBXFileReference; lastKnownFileType = wrapper.framework; name = SystemConfiguration.framework; path = System/Library/Frameworks/SystemConfiguration.framework; sourceTree = SDKROOT; };
		961C2BD72452F30E0086C0E3 /* CoreGraphics.framework */ = {isa = PBXFileReference; lastKnownFileType = wrapper.framework; name = CoreGraphics.framework; path = System/Library/Frameworks/CoreGraphics.framework; sourceTree = SDKROOT; };
		961C2BD92452F31A0086C0E3 /* CoreTelephony.framework */ = {isa = PBXFileReference; lastKnownFileType = wrapper.framework; name = CoreTelephony.framework; path = System/Library/Frameworks/CoreTelephony.framework; sourceTree = SDKROOT; };
		961C2BDB2452F3250086C0E3 /* libresolv.9.tbd */ = {isa = PBXFileReference; lastKnownFileType = "sourcecode.text-based-dylib-definition"; name = libresolv.9.tbd; path = usr/lib/libresolv.9.tbd; sourceTree = SDKROOT; };
		961C2BDD2452F32E0086C0E3 /* MessageUI.framework */ = {isa = PBXFileReference; lastKnownFileType = wrapper.framework; name = MessageUI.framework; path = System/Library/Frameworks/MessageUI.framework; sourceTree = SDKROOT; };
		961C2BDF2456C7AD0086C0E3 /* SleepTunes.entitlements */ = {isa = PBXFileReference; lastKnownFileType = text.plist.entitlements; path = SleepTunes.entitlements; sourceTree = "<group>"; };
		965F30EB243DA6C600D65B5F /* AudioCategory.swift */ = {isa = PBXFileReference; lastKnownFileType = sourcecode.swift; path = AudioCategory.swift; sourceTree = "<group>"; };
		965F30ED243DA89E00D65B5F /* category.json */ = {isa = PBXFileReference; lastKnownFileType = text.json; path = category.json; sourceTree = "<group>"; };
		9664307F243EBE7400D1F0F0 /* AboutUsVC.swift */ = {isa = PBXFileReference; lastKnownFileType = sourcecode.swift; path = AboutUsVC.swift; sourceTree = "<group>"; };
		9665B6EE24284F5F00297C60 /* SleepTunes.app */ = {isa = PBXFileReference; explicitFileType = wrapper.application; includeInIndex = 0; path = SleepTunes.app; sourceTree = BUILT_PRODUCTS_DIR; };
		9665B6F124284F5F00297C60 /* AppDelegate.swift */ = {isa = PBXFileReference; lastKnownFileType = sourcecode.swift; path = AppDelegate.swift; sourceTree = "<group>"; };
		9665B6F824284F5F00297C60 /* Base */ = {isa = PBXFileReference; lastKnownFileType = file.storyboard; name = Base; path = Base.lproj/Main.storyboard; sourceTree = "<group>"; };
		9665B6FD24284F6200297C60 /* Assets.xcassets */ = {isa = PBXFileReference; lastKnownFileType = folder.assetcatalog; path = Assets.xcassets; sourceTree = "<group>"; };
		9665B70024284F6200297C60 /* Base */ = {isa = PBXFileReference; lastKnownFileType = file.storyboard; name = Base; path = Base.lproj/LaunchScreen.storyboard; sourceTree = "<group>"; };
		9665B70224284F6200297C60 /* Info.plist */ = {isa = PBXFileReference; lastKnownFileType = text.plist.xml; path = Info.plist; sourceTree = "<group>"; };
		9665B70C242881AD00297C60 /* MainNavigationController.swift */ = {isa = PBXFileReference; lastKnownFileType = sourcecode.swift; path = MainNavigationController.swift; sourceTree = "<group>"; };
		9665B70E2428936C00297C60 /* MainVC.swift */ = {isa = PBXFileReference; lastKnownFileType = sourcecode.swift; path = MainVC.swift; sourceTree = "<group>"; };
		9665B7102428955E00297C60 /* BaseVC.swift */ = {isa = PBXFileReference; lastKnownFileType = sourcecode.swift; path = BaseVC.swift; sourceTree = "<group>"; };
		9665B7122429A03B00297C60 /* MusicListVC.swift */ = {isa = PBXFileReference; lastKnownFileType = sourcecode.swift; path = MusicListVC.swift; sourceTree = "<group>"; };
		9665B7142429A12300297C60 /* CustomPresentationController.swift */ = {isa = PBXFileReference; lastKnownFileType = sourcecode.swift; path = CustomPresentationController.swift; sourceTree = "<group>"; };
		9665B71C2429D65100297C60 /* UIView.swift */ = {isa = PBXFileReference; lastKnownFileType = sourcecode.swift; path = UIView.swift; sourceTree = "<group>"; };
		9665B71E2429E71800297C60 /* MusicCell.swift */ = {isa = PBXFileReference; lastKnownFileType = sourcecode.swift; path = MusicCell.swift; sourceTree = "<group>"; };
		9665B722242B04C400297C60 /* SettingVC.swift */ = {isa = PBXFileReference; lastKnownFileType = sourcecode.swift; path = SettingVC.swift; sourceTree = "<group>"; };
		9665B724242B0A0E00297C60 /* SettingContainerCell.swift */ = {isa = PBXFileReference; lastKnownFileType = sourcecode.swift; path = SettingContainerCell.swift; sourceTree = "<group>"; };
		9665B726242B197400297C60 /* SettingCell.swift */ = {isa = PBXFileReference; lastKnownFileType = sourcecode.swift; path = SettingCell.swift; sourceTree = "<group>"; };
		9665B728242B2A6700297C60 /* FeedbackVC.swift */ = {isa = PBXFileReference; lastKnownFileType = sourcecode.swift; path = FeedbackVC.swift; sourceTree = "<group>"; };
		969BA10E242C93CA00710F83 /* TestObject.swift */ = {isa = PBXFileReference; lastKnownFileType = sourcecode.swift; path = TestObject.swift; sourceTree = "<group>"; };
		969BA110242D9C2000710F83 /* MusicTypeListVC.swift */ = {isa = PBXFileReference; lastKnownFileType = sourcecode.swift; path = MusicTypeListVC.swift; sourceTree = "<group>"; };
		969BA112242DA03F00710F83 /* TestObjectTwo.swift */ = {isa = PBXFileReference; lastKnownFileType = sourcecode.swift; path = TestObjectTwo.swift; sourceTree = "<group>"; };
		969BA114242DA07900710F83 /* AnimatorObjectTwo.swift */ = {isa = PBXFileReference; lastKnownFileType = sourcecode.swift; path = AnimatorObjectTwo.swift; sourceTree = "<group>"; };
		969BA116242DC22800710F83 /* MusicTypeCell.swift */ = {isa = PBXFileReference; lastKnownFileType = sourcecode.swift; path = MusicTypeCell.swift; sourceTree = "<group>"; };
		969BA118242DC2C600710F83 /* MusicTypeLayout.swift */ = {isa = PBXFileReference; lastKnownFileType = sourcecode.swift; path = MusicTypeLayout.swift; sourceTree = "<group>"; };
		969BA11A242DE08800710F83 /* UIDevice.swift */ = {isa = PBXFileReference; fileEncoding = 4; lastKnownFileType = sourcecode.swift; path = UIDevice.swift; sourceTree = "<group>"; };
		969BA11C242DED8B00710F83 /* Styles.swift */ = {isa = PBXFileReference; fileEncoding = 4; lastKnownFileType = sourcecode.swift; path = Styles.swift; sourceTree = "<group>"; };
		969BA11E243189A400710F83 /* Notification.swift */ = {isa = PBXFileReference; fileEncoding = 4; lastKnownFileType = sourcecode.swift; path = Notification.swift; sourceTree = "<group>"; };
		969BA1222431CD3700710F83 /* AudioItem.swift */ = {isa = PBXFileReference; lastKnownFileType = sourcecode.swift; path = AudioItem.swift; sourceTree = "<group>"; };
		969BA1242432D77A00710F83 /* UIButton.swift */ = {isa = PBXFileReference; fileEncoding = 4; lastKnownFileType = sourcecode.swift; path = UIButton.swift; sourceTree = "<group>"; };
		969BA1282433082E00710F83 /* AVPlayerManager.swift */ = {isa = PBXFileReference; lastKnownFileType = sourcecode.swift; path = AVPlayerManager.swift; sourceTree = "<group>"; };
		969BA12A24333F5700710F83 /* ThinTrackSlider.swift */ = {isa = PBXFileReference; lastKnownFileType = sourcecode.swift; path = ThinTrackSlider.swift; sourceTree = "<group>"; };
		969BA12C2434321B00710F83 /* Constant.swift */ = {isa = PBXFileReference; fileEncoding = 4; lastKnownFileType = sourcecode.swift; path = Constant.swift; sourceTree = "<group>"; };
		96C9B3DC242C47F10021781B /* MusicTypeVC.swift */ = {isa = PBXFileReference; lastKnownFileType = sourcecode.swift; path = MusicTypeVC.swift; sourceTree = "<group>"; };
		96C9B3DE242C58490021781B /* AnimatorObject.swift */ = {isa = PBXFileReference; lastKnownFileType = sourcecode.swift; path = AnimatorObject.swift; sourceTree = "<group>"; };
		96C9B3E0242C71B60021781B /* PresentationDelegateObject.swift */ = {isa = PBXFileReference; lastKnownFileType = sourcecode.swift; path = PresentationDelegateObject.swift; sourceTree = "<group>"; };
		96C9B3E2242C7E2F0021781B /* UIViewController.swift */ = {isa = PBXFileReference; lastKnownFileType = sourcecode.swift; path = UIViewController.swift; sourceTree = "<group>"; };
		D618B26F0868E7F2A42121DD /* Pods-DeepSleep.release.xcconfig */ = {isa = PBXFileReference; includeInIndex = 1; lastKnownFileType = text.xcconfig; name = "Pods-DeepSleep.release.xcconfig"; path = "Target Support Files/Pods-DeepSleep/Pods-DeepSleep.release.xcconfig"; sourceTree = "<group>"; };
		D65C55BFC277E9C8656CF144 /* Pods-DeepSleep.debug.xcconfig */ = {isa = PBXFileReference; includeInIndex = 1; lastKnownFileType = text.xcconfig; name = "Pods-DeepSleep.debug.xcconfig"; path = "Target Support Files/Pods-DeepSleep/Pods-DeepSleep.debug.xcconfig"; sourceTree = "<group>"; };
/* End PBXFileReference section */

/* Begin PBXFrameworksBuildPhase section */
		9665B6EB24284F5F00297C60 /* Frameworks */ = {
			isa = PBXFrameworksBuildPhase;
			buildActionMask = 2147483647;
			files = (
				961C2BDE2452F32E0086C0E3 /* MessageUI.framework in Frameworks */,
				961C2BDC2452F3250086C0E3 /* libresolv.9.tbd in Frameworks */,
				961C2BDA2452F31A0086C0E3 /* CoreTelephony.framework in Frameworks */,
				961C2BD82452F30E0086C0E3 /* CoreGraphics.framework in Frameworks */,
				961C2BD62452F3040086C0E3 /* SystemConfiguration.framework in Frameworks */,
				961C2BD42452F2FC0086C0E3 /* Security.framework in Frameworks */,
				961C2BD22452F2F20086C0E3 /* UserNotifications.framework in Frameworks */,
				2842A59BC9FB564C3D1BF24B /* Pods_DeepSleep.framework in Frameworks */,
			);
			runOnlyForDeploymentPostprocessing = 0;
		};
/* End PBXFrameworksBuildPhase section */

/* Begin PBXGroup section */
		16290B2F005017301A4415BF /* Frameworks */ = {
			isa = PBXGroup;
			children = (
				961C2BDD2452F32E0086C0E3 /* MessageUI.framework */,
				961C2BDB2452F3250086C0E3 /* libresolv.9.tbd */,
				961C2BD92452F31A0086C0E3 /* CoreTelephony.framework */,
				961C2BD72452F30E0086C0E3 /* CoreGraphics.framework */,
				961C2BD52452F3040086C0E3 /* SystemConfiguration.framework */,
				961C2BD32452F2FC0086C0E3 /* Security.framework */,
				961C2BD12452F2F20086C0E3 /* UserNotifications.framework */,
				844799563E21BBE8A51C5BBC /* Pods_DeepSleep.framework */,
			);
			name = Frameworks;
			sourceTree = "<group>";
		};
		7E237FBD093E9C5DB95450AC /* Pods */ = {
			isa = PBXGroup;
			children = (
				D65C55BFC277E9C8656CF144 /* Pods-DeepSleep.debug.xcconfig */,
				D618B26F0868E7F2A42121DD /* Pods-DeepSleep.release.xcconfig */,
			);
			path = Pods;
			sourceTree = "<group>";
		};
		9665B6E524284F5F00297C60 = {
			isa = PBXGroup;
			children = (
				9665B6F024284F5F00297C60 /* DeepSleep */,
				9665B6EF24284F5F00297C60 /* Products */,
				7E237FBD093E9C5DB95450AC /* Pods */,
				16290B2F005017301A4415BF /* Frameworks */,
			);
			sourceTree = "<group>";
		};
		9665B6EF24284F5F00297C60 /* Products */ = {
			isa = PBXGroup;
			children = (
				9665B6EE24284F5F00297C60 /* SleepTunes.app */,
			);
			name = Products;
			sourceTree = "<group>";
		};
		9665B6F024284F5F00297C60 /* DeepSleep */ = {
			isa = PBXGroup;
			children = (
				961C2BDF2456C7AD0086C0E3 /* SleepTunes.entitlements */,
				9665B6F124284F5F00297C60 /* AppDelegate.swift */,
				9665B70C242881AD00297C60 /* MainNavigationController.swift */,
				9665B7102428955E00297C60 /* BaseVC.swift */,
				9665B70E2428936C00297C60 /* MainVC.swift */,
				969BA12A24333F5700710F83 /* ThinTrackSlider.swift */,
				9665B7122429A03B00297C60 /* MusicListVC.swift */,
				96C9B3DC242C47F10021781B /* MusicTypeVC.swift */,
				969BA116242DC22800710F83 /* MusicTypeCell.swift */,
				969BA118242DC2C600710F83 /* MusicTypeLayout.swift */,
				969BA110242D9C2000710F83 /* MusicTypeListVC.swift */,
				9665B71E2429E71800297C60 /* MusicCell.swift */,
				9665B722242B04C400297C60 /* SettingVC.swift */,
				9665B724242B0A0E00297C60 /* SettingContainerCell.swift */,
				9665B726242B197400297C60 /* SettingCell.swift */,
				9665B728242B2A6700297C60 /* FeedbackVC.swift */,
				9664307F243EBE7400D1F0F0 /* AboutUsVC.swift */,
				96C9B3E0242C71B60021781B /* PresentationDelegateObject.swift */,
				969BA10E242C93CA00710F83 /* TestObject.swift */,
				969BA112242DA03F00710F83 /* TestObjectTwo.swift */,
				9665B7142429A12300297C60 /* CustomPresentationController.swift */,
				96C9B3DE242C58490021781B /* AnimatorObject.swift */,
				969BA114242DA07900710F83 /* AnimatorObjectTwo.swift */,
				969BA1282433082E00710F83 /* AVPlayerManager.swift */,
				969BA1222431CD3700710F83 /* AudioItem.swift */,
				965F30EB243DA6C600D65B5F /* AudioCategory.swift */,
				965F30ED243DA89E00D65B5F /* category.json */,
				9665B71C2429D65100297C60 /* UIView.swift */,
				969BA11A242DE08800710F83 /* UIDevice.swift */,
				96C9B3E2242C7E2F0021781B /* UIViewController.swift */,
				969BA1242432D77A00710F83 /* UIButton.swift */,
				969BA11C242DED8B00710F83 /* Styles.swift */,
				969BA12C2434321B00710F83 /* Constant.swift */,
				969BA11E243189A400710F83 /* Notification.swift */,
				9665B6F724284F5F00297C60 /* Main.storyboard */,
				9665B6FD24284F6200297C60 /* Assets.xcassets */,
				9665B6FF24284F6200297C60 /* LaunchScreen.storyboard */,
				9665B70224284F6200297C60 /* Info.plist */,
			);
			path = DeepSleep;
			sourceTree = "<group>";
		};
/* End PBXGroup section */

/* Begin PBXNativeTarget section */
		9665B6ED24284F5F00297C60 /* DeepSleep */ = {
			isa = PBXNativeTarget;
			buildConfigurationList = 9665B70524284F6200297C60 /* Build configuration list for PBXNativeTarget "DeepSleep" */;
			buildPhases = (
				D2A6837C552A510026969D21 /* [CP] Check Pods Manifest.lock */,
				9665B6EA24284F5F00297C60 /* Sources */,
				9665B6EB24284F5F00297C60 /* Frameworks */,
				9665B6EC24284F5F00297C60 /* Resources */,
				723B782B71DE322227898896 /* [CP] Embed Pods Frameworks */,
			);
			buildRules = (
			);
			dependencies = (
			);
			name = DeepSleep;
			productName = DeepSleep;
			productReference = 9665B6EE24284F5F00297C60 /* SleepTunes.app */;
			productType = "com.apple.product-type.application";
		};
/* End PBXNativeTarget section */

/* Begin PBXProject section */
		9665B6E624284F5F00297C60 /* Project object */ = {
			isa = PBXProject;
			attributes = {
				LastSwiftUpdateCheck = 1130;
				LastUpgradeCheck = 1130;
				ORGANIZATIONNAME = wy;
				TargetAttributes = {
					9665B6ED24284F5F00297C60 = {
						CreatedOnToolsVersion = 11.3.1;
					};
				};
			};
			buildConfigurationList = 9665B6E924284F5F00297C60 /* Build configuration list for PBXProject "DeepSleep" */;
			compatibilityVersion = "Xcode 9.3";
			developmentRegion = en;
			hasScannedForEncodings = 0;
			knownRegions = (
				en,
				Base,
			);
			mainGroup = 9665B6E524284F5F00297C60;
			productRefGroup = 9665B6EF24284F5F00297C60 /* Products */;
			projectDirPath = "";
			projectRoot = "";
			targets = (
				9665B6ED24284F5F00297C60 /* DeepSleep */,
			);
		};
/* End PBXProject section */

/* Begin PBXResourcesBuildPhase section */
		9665B6EC24284F5F00297C60 /* Resources */ = {
			isa = PBXResourcesBuildPhase;
			buildActionMask = 2147483647;
			files = (
				9665B70124284F6200297C60 /* LaunchScreen.storyboard in Resources */,
				9665B6FE24284F6200297C60 /* Assets.xcassets in Resources */,
				965F30EE243DA89E00D65B5F /* category.json in Resources */,
				9665B6F924284F5F00297C60 /* Main.storyboard in Resources */,
			);
			runOnlyForDeploymentPostprocessing = 0;
		};
/* End PBXResourcesBuildPhase section */

/* Begin PBXShellScriptBuildPhase section */
		723B782B71DE322227898896 /* [CP] Embed Pods Frameworks */ = {
			isa = PBXShellScriptBuildPhase;
			buildActionMask = 2147483647;
			files = (
			);
			inputFileListPaths = (
				"${PODS_ROOT}/Target Support Files/Pods-DeepSleep/Pods-DeepSleep-frameworks-${CONFIGURATION}-input-files.xcfilelist",
			);
			name = "[CP] Embed Pods Frameworks";
			outputFileListPaths = (
				"${PODS_ROOT}/Target Support Files/Pods-DeepSleep/Pods-DeepSleep-frameworks-${CONFIGURATION}-output-files.xcfilelist",
			);
			runOnlyForDeploymentPostprocessing = 0;
			shellPath = /bin/sh;
			shellScript = "\"${PODS_ROOT}/Target Support Files/Pods-DeepSleep/Pods-DeepSleep-frameworks.sh\"\n";
			showEnvVarsInLog = 0;
		};
		D2A6837C552A510026969D21 /* [CP] Check Pods Manifest.lock */ = {
			isa = PBXShellScriptBuildPhase;
			buildActionMask = 2147483647;
			files = (
			);
			inputFileListPaths = (
			);
			inputPaths = (
				"${PODS_PODFILE_DIR_PATH}/Podfile.lock",
				"${PODS_ROOT}/Manifest.lock",
			);
			name = "[CP] Check Pods Manifest.lock";
			outputFileListPaths = (
			);
			outputPaths = (
				"$(DERIVED_FILE_DIR)/Pods-DeepSleep-checkManifestLockResult.txt",
			);
			runOnlyForDeploymentPostprocessing = 0;
			shellPath = /bin/sh;
			shellScript = "diff \"${PODS_PODFILE_DIR_PATH}/Podfile.lock\" \"${PODS_ROOT}/Manifest.lock\" > /dev/null\nif [ $? != 0 ] ; then\n    # print error to STDERR\n    echo \"error: The sandbox is not in sync with the Podfile.lock. Run 'pod install' or update your CocoaPods installation.\" >&2\n    exit 1\nfi\n# This output is used by Xcode 'outputs' to avoid re-running this script phase.\necho \"SUCCESS\" > \"${SCRIPT_OUTPUT_FILE_0}\"\n";
			showEnvVarsInLog = 0;
		};
/* End PBXShellScriptBuildPhase section */

/* Begin PBXSourcesBuildPhase section */
		9665B6EA24284F5F00297C60 /* Sources */ = {
			isa = PBXSourcesBuildPhase;
			buildActionMask = 2147483647;
			files = (
				9665B7152429A12300297C60 /* CustomPresentationController.swift in Sources */,
				96C9B3DF242C58490021781B /* AnimatorObject.swift in Sources */,
				96C9B3DD242C47F10021781B /* MusicTypeVC.swift in Sources */,
				969BA12B24333F5800710F83 /* ThinTrackSlider.swift in Sources */,
				969BA117242DC22800710F83 /* MusicTypeCell.swift in Sources */,
				9665B7132429A03B00297C60 /* MusicListVC.swift in Sources */,
				96643080243EBE7400D1F0F0 /* AboutUsVC.swift in Sources */,
				9665B725242B0A0E00297C60 /* SettingContainerCell.swift in Sources */,
				9665B70D242881AD00297C60 /* MainNavigationController.swift in Sources */,
				969BA1292433082E00710F83 /* AVPlayerManager.swift in Sources */,
				969BA11B242DE08800710F83 /* UIDevice.swift in Sources */,
				969BA119242DC2C600710F83 /* MusicTypeLayout.swift in Sources */,
				969BA1252432D77A00710F83 /* UIButton.swift in Sources */,
				9665B70F2428936C00297C60 /* MainVC.swift in Sources */,
				969BA1232431CD3700710F83 /* AudioItem.swift in Sources */,
				96C9B3E3242C7E2F0021781B /* UIViewController.swift in Sources */,
				9665B71F2429E71800297C60 /* MusicCell.swift in Sources */,
				9665B727242B197400297C60 /* SettingCell.swift in Sources */,
				965F30EC243DA6C600D65B5F /* AudioCategory.swift in Sources */,
				9665B6F224284F5F00297C60 /* AppDelegate.swift in Sources */,
				969BA12D2434321C00710F83 /* Constant.swift in Sources */,
				969BA10F242C93CA00710F83 /* TestObject.swift in Sources */,
				969BA11D242DED8B00710F83 /* Styles.swift in Sources */,
				9665B723242B04C400297C60 /* SettingVC.swift in Sources */,
				9665B729242B2A6700297C60 /* FeedbackVC.swift in Sources */,
				969BA115242DA07900710F83 /* AnimatorObjectTwo.swift in Sources */,
				969BA11F243189A400710F83 /* Notification.swift in Sources */,
				9665B71D2429D65100297C60 /* UIView.swift in Sources */,
				96C9B3E1242C71B60021781B /* PresentationDelegateObject.swift in Sources */,
				969BA111242D9C2000710F83 /* MusicTypeListVC.swift in Sources */,
				9665B7112428955E00297C60 /* BaseVC.swift in Sources */,
				969BA113242DA03F00710F83 /* TestObjectTwo.swift in Sources */,
			);
			runOnlyForDeploymentPostprocessing = 0;
		};
/* End PBXSourcesBuildPhase section */

/* Begin PBXVariantGroup section */
		9665B6F724284F5F00297C60 /* Main.storyboard */ = {
			isa = PBXVariantGroup;
			children = (
				9665B6F824284F5F00297C60 /* Base */,
			);
			name = Main.storyboard;
			sourceTree = "<group>";
		};
		9665B6FF24284F6200297C60 /* LaunchScreen.storyboard */ = {
			isa = PBXVariantGroup;
			children = (
				9665B70024284F6200297C60 /* Base */,
			);
			name = LaunchScreen.storyboard;
			sourceTree = "<group>";
		};
/* End PBXVariantGroup section */

/* Begin XCBuildConfiguration section */
		9665B70324284F6200297C60 /* Debug */ = {
			isa = XCBuildConfiguration;
			buildSettings = {
				ALWAYS_SEARCH_USER_PATHS = NO;
				CLANG_ANALYZER_NONNULL = YES;
				CLANG_ANALYZER_NUMBER_OBJECT_CONVERSION = YES_AGGRESSIVE;
				CLANG_CXX_LANGUAGE_STANDARD = "gnu++14";
				CLANG_CXX_LIBRARY = "libc++";
				CLANG_ENABLE_MODULES = YES;
				CLANG_ENABLE_OBJC_ARC = YES;
				CLANG_ENABLE_OBJC_WEAK = YES;
				CLANG_WARN_BLOCK_CAPTURE_AUTORELEASING = YES;
				CLANG_WARN_BOOL_CONVERSION = YES;
				CLANG_WARN_COMMA = YES;
				CLANG_WARN_CONSTANT_CONVERSION = YES;
				CLANG_WARN_DEPRECATED_OBJC_IMPLEMENTATIONS = YES;
				CLANG_WARN_DIRECT_OBJC_ISA_USAGE = YES_ERROR;
				CLANG_WARN_DOCUMENTATION_COMMENTS = YES;
				CLANG_WARN_EMPTY_BODY = YES;
				CLANG_WARN_ENUM_CONVERSION = YES;
				CLANG_WARN_INFINITE_RECURSION = YES;
				CLANG_WARN_INT_CONVERSION = YES;
				CLANG_WARN_NON_LITERAL_NULL_CONVERSION = YES;
				CLANG_WARN_OBJC_IMPLICIT_RETAIN_SELF = YES;
				CLANG_WARN_OBJC_LITERAL_CONVERSION = YES;
				CLANG_WARN_OBJC_ROOT_CLASS = YES_ERROR;
				CLANG_WARN_RANGE_LOOP_ANALYSIS = YES;
				CLANG_WARN_STRICT_PROTOTYPES = YES;
				CLANG_WARN_SUSPICIOUS_MOVE = YES;
				CLANG_WARN_UNGUARDED_AVAILABILITY = YES_AGGRESSIVE;
				CLANG_WARN_UNREACHABLE_CODE = YES;
				CLANG_WARN__DUPLICATE_METHOD_MATCH = YES;
				COPY_PHASE_STRIP = NO;
				DEBUG_INFORMATION_FORMAT = dwarf;
				ENABLE_STRICT_OBJC_MSGSEND = YES;
				ENABLE_TESTABILITY = YES;
				GCC_C_LANGUAGE_STANDARD = gnu11;
				GCC_DYNAMIC_NO_PIC = NO;
				GCC_NO_COMMON_BLOCKS = YES;
				GCC_OPTIMIZATION_LEVEL = 0;
				GCC_PREPROCESSOR_DEFINITIONS = (
					"DEBUG=1",
					"$(inherited)",
				);
				GCC_WARN_64_TO_32_BIT_CONVERSION = YES;
				GCC_WARN_ABOUT_RETURN_TYPE = YES_ERROR;
				GCC_WARN_UNDECLARED_SELECTOR = YES;
				GCC_WARN_UNINITIALIZED_AUTOS = YES_AGGRESSIVE;
				GCC_WARN_UNUSED_FUNCTION = YES;
				GCC_WARN_UNUSED_VARIABLE = YES;
				IPHONEOS_DEPLOYMENT_TARGET = 11.0;
				MTL_ENABLE_DEBUG_INFO = INCLUDE_SOURCE;
				MTL_FAST_MATH = YES;
				ONLY_ACTIVE_ARCH = YES;
				SDKROOT = iphoneos;
				SWIFT_ACTIVE_COMPILATION_CONDITIONS = DEBUG;
				SWIFT_OPTIMIZATION_LEVEL = "-Onone";
			};
			name = Debug;
		};
		9665B70424284F6200297C60 /* Release */ = {
			isa = XCBuildConfiguration;
			buildSettings = {
				ALWAYS_SEARCH_USER_PATHS = NO;
				CLANG_ANALYZER_NONNULL = YES;
				CLANG_ANALYZER_NUMBER_OBJECT_CONVERSION = YES_AGGRESSIVE;
				CLANG_CXX_LANGUAGE_STANDARD = "gnu++14";
				CLANG_CXX_LIBRARY = "libc++";
				CLANG_ENABLE_MODULES = YES;
				CLANG_ENABLE_OBJC_ARC = YES;
				CLANG_ENABLE_OBJC_WEAK = YES;
				CLANG_WARN_BLOCK_CAPTURE_AUTORELEASING = YES;
				CLANG_WARN_BOOL_CONVERSION = YES;
				CLANG_WARN_COMMA = YES;
				CLANG_WARN_CONSTANT_CONVERSION = YES;
				CLANG_WARN_DEPRECATED_OBJC_IMPLEMENTATIONS = YES;
				CLANG_WARN_DIRECT_OBJC_ISA_USAGE = YES_ERROR;
				CLANG_WARN_DOCUMENTATION_COMMENTS = YES;
				CLANG_WARN_EMPTY_BODY = YES;
				CLANG_WARN_ENUM_CONVERSION = YES;
				CLANG_WARN_INFINITE_RECURSION = YES;
				CLANG_WARN_INT_CONVERSION = YES;
				CLANG_WARN_NON_LITERAL_NULL_CONVERSION = YES;
				CLANG_WARN_OBJC_IMPLICIT_RETAIN_SELF = YES;
				CLANG_WARN_OBJC_LITERAL_CONVERSION = YES;
				CLANG_WARN_OBJC_ROOT_CLASS = YES_ERROR;
				CLANG_WARN_RANGE_LOOP_ANALYSIS = YES;
				CLANG_WARN_STRICT_PROTOTYPES = YES;
				CLANG_WARN_SUSPICIOUS_MOVE = YES;
				CLANG_WARN_UNGUARDED_AVAILABILITY = YES_AGGRESSIVE;
				CLANG_WARN_UNREACHABLE_CODE = YES;
				CLANG_WARN__DUPLICATE_METHOD_MATCH = YES;
				COPY_PHASE_STRIP = NO;
				DEBUG_INFORMATION_FORMAT = "dwarf-with-dsym";
				ENABLE_NS_ASSERTIONS = NO;
				ENABLE_STRICT_OBJC_MSGSEND = YES;
				GCC_C_LANGUAGE_STANDARD = gnu11;
				GCC_NO_COMMON_BLOCKS = YES;
				GCC_WARN_64_TO_32_BIT_CONVERSION = YES;
				GCC_WARN_ABOUT_RETURN_TYPE = YES_ERROR;
				GCC_WARN_UNDECLARED_SELECTOR = YES;
				GCC_WARN_UNINITIALIZED_AUTOS = YES_AGGRESSIVE;
				GCC_WARN_UNUSED_FUNCTION = YES;
				GCC_WARN_UNUSED_VARIABLE = YES;
				IPHONEOS_DEPLOYMENT_TARGET = 11.0;
				MTL_ENABLE_DEBUG_INFO = NO;
				MTL_FAST_MATH = YES;
				SDKROOT = iphoneos;
				SWIFT_COMPILATION_MODE = wholemodule;
				SWIFT_OPTIMIZATION_LEVEL = "-O";
				VALIDATE_PRODUCT = YES;
			};
			name = Release;
		};
		9665B70624284F6200297C60 /* Debug */ = {
			isa = XCBuildConfiguration;
			baseConfigurationReference = D65C55BFC277E9C8656CF144 /* Pods-DeepSleep.debug.xcconfig */;
			buildSettings = {
				ASSETCATALOG_COMPILER_APPICON_NAME = AppIcon;
				CODE_SIGN_ENTITLEMENTS = DeepSleep/SleepTunes.entitlements;
				CODE_SIGN_IDENTITY = "Apple Development";
				CODE_SIGN_STYLE = Automatic;
				CURRENT_PROJECT_VERSION = 3;
				DEVELOPMENT_TEAM = AVHUKSCRKJ;
				FRAMEWORK_SEARCH_PATHS = (
					"$(inherited)",
					"$(PROJECT_DIR)",
				);
				INFOPLIST_FILE = DeepSleep/Info.plist;
				IPHONEOS_DEPLOYMENT_TARGET = 11.0;
				LD_RUNPATH_SEARCH_PATHS = (
					"$(inherited)",
					"@executable_path/Frameworks",
				);
				LIBRARY_SEARCH_PATHS = (
					"$(inherited)",
					"$(PROJECT_DIR)/DeepSleep/Bala",
				);
				MARKETING_VERSION = 1.0.1;
				PRODUCT_BUNDLE_IDENTIFIER = com.jq.deepsleep;
				PRODUCT_NAME = SleepTunes;
				PROVISIONING_PROFILE_SPECIFIER = "";
				SWIFT_OBJC_BRIDGING_HEADER = "";
				SWIFT_VERSION = 5.0;
				TARGETED_DEVICE_FAMILY = 1;
			};
			name = Debug;
		};
		9665B70724284F6200297C60 /* Release */ = {
			isa = XCBuildConfiguration;
			baseConfigurationReference = D618B26F0868E7F2A42121DD /* Pods-DeepSleep.release.xcconfig */;
			buildSettings = {
				ASSETCATALOG_COMPILER_APPICON_NAME = AppIcon;
				CODE_SIGN_ENTITLEMENTS = DeepSleep/SleepTunes.entitlements;
				CODE_SIGN_IDENTITY = "Apple Development";
				CODE_SIGN_STYLE = Automatic;
				CURRENT_PROJECT_VERSION = 3;
				DEVELOPMENT_TEAM = AVHUKSCRKJ;
				FRAMEWORK_SEARCH_PATHS = (
					"$(inherited)",
					"$(PROJECT_DIR)",
				);
				INFOPLIST_FILE = DeepSleep/Info.plist;
				IPHONEOS_DEPLOYMENT_TARGET = 11.0;
				LD_RUNPATH_SEARCH_PATHS = (
					"$(inherited)",
					"@executable_path/Frameworks",
				);
				LIBRARY_SEARCH_PATHS = (
					"$(inherited)",
					"$(PROJECT_DIR)/DeepSleep/Bala",
				);
				MARKETING_VERSION = 1.0.1;
				PRODUCT_BUNDLE_IDENTIFIER = com.jq.deepsleep;
				PRODUCT_NAME = SleepTunes;
				PROVISIONING_PROFILE_SPECIFIER = "";
				SWIFT_OBJC_BRIDGING_HEADER = "";
				SWIFT_VERSION = 5.0;
				TARGETED_DEVICE_FAMILY = 1;
			};
			name = Release;
		};
/* End XCBuildConfiguration section */

/* Begin XCConfigurationList section */
		9665B6E924284F5F00297C60 /* Build configuration list for PBXProject "DeepSleep" */ = {
			isa = XCConfigurationList;
			buildConfigurations = (
				9665B70324284F6200297C60 /* Debug */,
				9665B70424284F6200297C60 /* Release */,
			);
			defaultConfigurationIsVisible = 0;
			defaultConfigurationName = Release;
		};
		9665B70524284F6200297C60 /* Build configuration list for PBXNativeTarget "DeepSleep" */ = {
			isa = XCConfigurationList;
			buildConfigurations = (
				9665B70624284F6200297C60 /* Debug */,
				9665B70724284F6200297C60 /* Release */,
			);
			defaultConfigurationIsVisible = 0;
			defaultConfigurationName = Release;
		};
/* End XCConfigurationList section */
	};
	rootObject = 9665B6E624284F5F00297C60 /* Project object */;
}
